
Microsoft Visual Studio Solution File, Format Version 12.00
# Visual Studio Version 17
VisualStudioVersion = 17.3.32901.215
MinimumVisualStudioVersion = 10.0.40219.1
Project("{8BC9CEB8-8B4A-11D0-8D11-00A0C91BC942}") = "HW_w1d1", "HW_w1d1\HW_w1d1.vcxproj", "{1521487E-B637-4533-BD49-66C85961E66B}"
EndProject
Global
	GlobalSection(SolutionConfigurationPlatforms) = preSolution
		Debug|x64 = Debug|x64
		Debug|x86 = Debug|x86
		Release|x64 = Release|x64
		Release|x86 = Release|x86
	EndGlobalSection
	GlobalSection(ProjectConfigurationPlatforms) = postSolution
		{1521487E-B637-4533-BD49-66C85961E66B}.Debug|x64.ActiveCfg = Debug|x64
		{1521487E-B637-4533-BD49-66C85961E66B}.Debug|x64.Build.0 = Debug|x64
		{1521487E-B637-4533-BD49-66C85961E66B}.Debug|x86.ActiveCfg = Debug|Win32
		{1521487E-B637-4533-BD49-66C85961E66B}.Debug|x86.Build.0 = Debug|Win32
		{1521487E-B637-4533-BD49-66C85961E66B}.Release|x64.ActiveCfg = Release|x64
		{1521487E-B637-4533-BD49-66C85961E66B}.Release|x64.Build.0 = Release|x64
		{1521487E-B637-4533-BD49-66C85961E66B}.Release|x86.ActiveCfg = Release|Win32
		{1521487E-B637-4533-BD49-66C85961E66B}.Release|x86.Build.0 = Release|Win32
	EndGlobalSection
	GlobalSection(SolutionProperties) = preSolution
		HideSolutionNode = FALSE
	EndGlobalSection
	GlobalSection(ExtensibilityGlobals) = postSolution
		SolutionGuid = {2CF22530-2312-4213-A2F9-22EF58F847C4}
	EndGlobalSection
EndGlobal
